// !$*UTF8*$!
{
	archiveVersion = 1;
	classes = {
	};
	objectVersion = 55;
	objects = {

/* Begin PBXBuildFile section */
		6D25833F2836B66E00B35B58 /* LocationPreviewView.swift in Sources */ = {isa = PBXBuildFile; fileRef = 6D25833E2836B66E00B35B58 /* LocationPreviewView.swift */; };
		6D9AAD392838074A0066364A /* LocationMapAnnotationView.swift in Sources */ = {isa = PBXBuildFile; fileRef = 6D9AAD382838074A0066364A /* LocationMapAnnotationView.swift */; };
		6D9AAD3B28380B4B0066364A /* LocationDetailView.swift in Sources */ = {isa = PBXBuildFile; fileRef = 6D9AAD3A28380B4B0066364A /* LocationDetailView.swift */; };
		6DDBD7EA2832C46800A9E7FE /* LocationsListView.swift in Sources */ = {isa = PBXBuildFile; fileRef = 6DDBD7E92832C46800A9E7FE /* LocationsListView.swift */; };
		6DFFA275282ED1C100DE0BED /* MapKitBootcampApp.swift in Sources */ = {isa = PBXBuildFile; fileRef = 6DFFA274282ED1C100DE0BED /* MapKitBootcampApp.swift */; };
		6DFFA277282ED1C100DE0BED /* ContentView.swift in Sources */ = {isa = PBXBuildFile; fileRef = 6DFFA276282ED1C100DE0BED /* ContentView.swift */; };
		6DFFA27C282ED1C100DE0BED /* Preview Assets.xcassets in Resources */ = {isa = PBXBuildFile; fileRef = 6DFFA27B282ED1C100DE0BED /* Preview Assets.xcassets */; };
		6DFFA283282ED2DE00DE0BED /* Assets.xcassets in Resources */ = {isa = PBXBuildFile; fileRef = 6DFFA282282ED2DE00DE0BED /* Assets.xcassets */; };
		6DFFA288282ED3D900DE0BED /* Location.swift in Sources */ = {isa = PBXBuildFile; fileRef = 6DFFA287282ED3D900DE0BED /* Location.swift */; };
		6DFFA28B282ED59200DE0BED /* LocationsDataService.swift in Sources */ = {isa = PBXBuildFile; fileRef = 6DFFA28A282ED59200DE0BED /* LocationsDataService.swift */; };
		6DFFA28D282ED6AF00DE0BED /* LocationsView.swift in Sources */ = {isa = PBXBuildFile; fileRef = 6DFFA28C282ED6AF00DE0BED /* LocationsView.swift */; };
		6DFFA28F282ED90E00DE0BED /* LocationsViewModel.swift in Sources */ = {isa = PBXBuildFile; fileRef = 6DFFA28E282ED90E00DE0BED /* LocationsViewModel.swift */; };
/* End PBXBuildFile section */

/* Begin PBXFileReference section */
		6D25833E2836B66E00B35B58 /* LocationPreviewView.swift */ = {isa = PBXFileReference; lastKnownFileType = sourcecode.swift; path = LocationPreviewView.swift; sourceTree = "<group>"; };
		6D9AAD382838074A0066364A /* LocationMapAnnotationView.swift */ = {isa = PBXFileReference; lastKnownFileType = sourcecode.swift; path = LocationMapAnnotationView.swift; sourceTree = "<group>"; };
		6D9AAD3A28380B4B0066364A /* LocationDetailView.swift */ = {isa = PBXFileReference; lastKnownFileType = sourcecode.swift; path = LocationDetailView.swift; sourceTree = "<group>"; };
		6DDBD7E92832C46800A9E7FE /* LocationsListView.swift */ = {isa = PBXFileReference; lastKnownFileType = sourcecode.swift; path = LocationsListView.swift; sourceTree = "<group>"; };
		6DFFA271282ED1C100DE0BED /* MapKitBootcamp.app */ = {isa = PBXFileReference; explicitFileType = wrapper.application; includeInIndex = 0; path = MapKitBootcamp.app; sourceTree = BUILT_PRODUCTS_DIR; };
		6DFFA274282ED1C100DE0BED /* MapKitBootcampApp.swift */ = {isa = PBXFileReference; lastKnownFileType = sourcecode.swift; path = MapKitBootcampApp.swift; sourceTree = "<group>"; };
		6DFFA276282ED1C100DE0BED /* ContentView.swift */ = {isa = PBXFileReference; lastKnownFileType = sourcecode.swift; path = ContentView.swift; sourceTree = "<group>"; };
		6DFFA27B282ED1C100DE0BED /* Preview Assets.xcassets */ = {isa = PBXFileReference; lastKnownFileType = folder.assetcatalog; path = "Preview Assets.xcassets"; sourceTree = "<group>"; };
		6DFFA282282ED2DE00DE0BED /* Assets.xcassets */ = {isa = PBXFileReference; lastKnownFileType = folder.assetcatalog; path = Assets.xcassets; sourceTree = "<group>"; };
		6DFFA287282ED3D900DE0BED /* Location.swift */ = {isa = PBXFileReference; lastKnownFileType = sourcecode.swift; path = Location.swift; sourceTree = "<group>"; };
		6DFFA28A282ED59200DE0BED /* LocationsDataService.swift */ = {isa = PBXFileReference; fileEncoding = 4; lastKnownFileType = sourcecode.swift; path = LocationsDataService.swift; sourceTree = "<group>"; };
		6DFFA28C282ED6AF00DE0BED /* LocationsView.swift */ = {isa = PBXFileReference; lastKnownFileType = sourcecode.swift; path = LocationsView.swift; sourceTree = "<group>"; };
		6DFFA28E282ED90E00DE0BED /* LocationsViewModel.swift */ = {isa = PBXFileReference; lastKnownFileType = sourcecode.swift; path = LocationsViewModel.swift; sourceTree = "<group>"; };
/* End PBXFileReference section */

/* Begin PBXFrameworksBuildPhase section */
		6DFFA26E282ED1C100DE0BED /* Frameworks */ = {
			isa = PBXFrameworksBuildPhase;
			buildActionMask = 2147483647;
			files = (
			);
			runOnlyForDeploymentPostprocessing = 0;
		};
/* End PBXFrameworksBuildPhase section */

/* Begin PBXGroup section */
		6DFFA268282ED1C100DE0BED = {
			isa = PBXGroup;
			children = (
				6DFFA273282ED1C100DE0BED /* MapKitBootcamp */,
				6DFFA272282ED1C100DE0BED /* Products */,
			);
			sourceTree = "<group>";
		};
		6DFFA272282ED1C100DE0BED /* Products */ = {
			isa = PBXGroup;
			children = (
				6DFFA271282ED1C100DE0BED /* MapKitBootcamp.app */,
			);
			name = Products;
			sourceTree = "<group>";
		};
		6DFFA273282ED1C100DE0BED /* MapKitBootcamp */ = {
			isa = PBXGroup;
			children = (
				6DFFA274282ED1C100DE0BED /* MapKitBootcampApp.swift */,
				6DFFA276282ED1C100DE0BED /* ContentView.swift */,
				6DFFA289282ED57E00DE0BED /* DataServices */,
				6DFFA286282ED3B100DE0BED /* ViewModels */,
				6DFFA285282ED3AB00DE0BED /* Views */,
				6DFFA284282ED3A300DE0BED /* Models */,
				6DFFA282282ED2DE00DE0BED /* Assets.xcassets */,
				6DFFA27A282ED1C100DE0BED /* Preview Content */,
			);
			path = MapKitBootcamp;
			sourceTree = "<group>";
		};
		6DFFA27A282ED1C100DE0BED /* Preview Content */ = {
			isa = PBXGroup;
			children = (
				6DFFA27B282ED1C100DE0BED /* Preview Assets.xcassets */,
			);
			path = "Preview Content";
			sourceTree = "<group>";
		};
		6DFFA284282ED3A300DE0BED /* Models */ = {
			isa = PBXGroup;
			children = (
				6DFFA287282ED3D900DE0BED /* Location.swift */,
			);
			path = Models;
			sourceTree = "<group>";
		};
		6DFFA285282ED3AB00DE0BED /* Views */ = {
			isa = PBXGroup;
			children = (
				6DFFA28C282ED6AF00DE0BED /* LocationsView.swift */,
				6DDBD7E92832C46800A9E7FE /* LocationsListView.swift */,
				6D25833E2836B66E00B35B58 /* LocationPreviewView.swift */,
				6D9AAD382838074A0066364A /* LocationMapAnnotationView.swift */,
				6D9AAD3A28380B4B0066364A /* LocationDetailView.swift */,
			);
			path = Views;
			sourceTree = "<group>";
		};
		6DFFA286282ED3B100DE0BED /* ViewModels */ = {
			isa = PBXGroup;
			children = (
				6DFFA28E282ED90E00DE0BED /* LocationsViewModel.swift */,
			);
			path = ViewModels;
			sourceTree = "<group>";
		};
		6DFFA289282ED57E00DE0BED /* DataServices */ = {
			isa = PBXGroup;
			children = (
				6DFFA28A282ED59200DE0BED /* LocationsDataService.swift */,
			);
			path = DataServices;
			sourceTree = "<group>";
		};
/* End PBXGroup section */

/* Begin PBXNativeTarget section */
		6DFFA270282ED1C100DE0BED /* MapKitBootcamp */ = {
			isa = PBXNativeTarget;
			buildConfigurationList = 6DFFA27F282ED1C100DE0BED /* Build configuration list for PBXNativeTarget "MapKitBootcamp" */;
			buildPhases = (
				6DFFA26D282ED1C100DE0BED /* Sources */,
				6DFFA26E282ED1C100DE0BED /* Frameworks */,
				6DFFA26F282ED1C100DE0BED /* Resources */,
			);
			buildRules = (
			);
			dependencies = (
			);
			name = MapKitBootcamp;
			productName = MapKitBootcamp;
			productReference = 6DFFA271282ED1C100DE0BED /* MapKitBootcamp.app */;
			productType = "com.apple.product-type.application";
		};
/* End PBXNativeTarget section */

/* Begin PBXProject section */
		6DFFA269282ED1C100DE0BED /* Project object */ = {
			isa = PBXProject;
			attributes = {
				BuildIndependentTargetsInParallel = 1;
				LastSwiftUpdateCheck = 1330;
				LastUpgradeCheck = 1330;
				TargetAttributes = {
					6DFFA270282ED1C100DE0BED = {
						CreatedOnToolsVersion = 13.3.1;
					};
				};
			};
			buildConfigurationList = 6DFFA26C282ED1C100DE0BED /* Build configuration list for PBXProject "MapKitBootcamp" */;
			compatibilityVersion = "Xcode 13.0";
			developmentRegion = en;
			hasScannedForEncodings = 0;
			knownRegions = (
				en,
				Base,
			);
			mainGroup = 6DFFA268282ED1C100DE0BED;
			productRefGroup = 6DFFA272282ED1C100DE0BED /* Products */;
			projectDirPath = "";
			projectRoot = "";
			targets = (
				6DFFA270282ED1C100DE0BED /* MapKitBootcamp */,
			);
		};
/* End PBXProject section */

/* Begin PBXResourcesBuildPhase section */
		6DFFA26F282ED1C100DE0BED /* Resources */ = {
			isa = PBXResourcesBuildPhase;
			buildActionMask = 2147483647;
			files = (
				6DFFA283282ED2DE00DE0BED /* Assets.xcassets in Resources */,
				6DFFA27C282ED1C100DE0BED /* Preview Assets.xcassets in Resources */,
			);
			runOnlyForDeploymentPostprocessing = 0;
		};
/* End PBXResourcesBuildPhase section */

/* Begin PBXSourcesBuildPhase section */
		6DFFA26D282ED1C100DE0BED /* Sources */ = {
			isa = PBXSourcesBuildPhase;
			buildActionMask = 2147483647;
			files = (
				6DFFA28B282ED59200DE0BED /* LocationsDataService.swift in Sources */,
				6D9AAD392838074A0066364A /* LocationMapAnnotationView.swift in Sources */,
				6DDBD7EA2832C46800A9E7FE /* LocationsListView.swift in Sources */,
				6D25833F2836B66E00B35B58 /* LocationPreviewView.swift in Sources */,
				6DFFA28F282ED90E00DE0BED /* LocationsViewModel.swift in Sources */,
				6DFFA277282ED1C100DE0BED /* ContentView.swift in Sources */,
				6DFFA28D282ED6AF00DE0BED /* LocationsView.swift in Sources */,
				6DFFA288282ED3D900DE0BED /* Location.swift in Sources */,
				6D9AAD3B28380B4B0066364A /* LocationDetailView.swift in Sources */,
				6DFFA275282ED1C100DE0BED /* MapKitBootcampApp.swift in Sources */,
			);
			runOnlyForDeploymentPostprocessing = 0;
		};
/* End PBXSourcesBuildPhase section */

/* Begin XCBuildConfiguration section */
		6DFFA27D282ED1C100DE0BED /* Debug */ = {
			isa = XCBuildConfiguration;
			buildSettings = {
				ALWAYS_SEARCH_USER_PATHS = NO;
				CLANG_ANALYZER_NONNULL = YES;
				CLANG_ANALYZER_NUMBER_OBJECT_CONVERSION = YES_AGGRESSIVE;
				CLANG_CXX_LANGUAGE_STANDARD = "gnu++17";
				CLANG_ENABLE_MODULES = YES;
				CLANG_ENABLE_OBJC_ARC = YES;
				CLANG_ENABLE_OBJC_WEAK = YES;
				CLANG_WARN_BLOCK_CAPTURE_AUTORELEASING = YES;
				CLANG_WARN_BOOL_CONVERSION = YES;
				CLANG_WARN_COMMA = YES;
				CLANG_WARN_CONSTANT_CONVERSION = YES;
				CLANG_WARN_DEPRECATED_OBJC_IMPLEMENTATIONS = YES;
				CLANG_WARN_DIRECT_OBJC_ISA_USAGE = YES_ERROR;
				CLANG_WARN_DOCUMENTATION_COMMENTS = YES;
				CLANG_WARN_EMPTY_BODY = YES;
				CLANG_WARN_ENUM_CONVERSION = YES;
				CLANG_WARN_INFINITE_RECURSION = YES;
				CLANG_WARN_INT_CONVERSION = YES;
				CLANG_WARN_NON_LITERAL_NULL_CONVERSION = YES;
				CLANG_WARN_OBJC_IMPLICIT_RETAIN_SELF = YES;
				CLANG_WARN_OBJC_LITERAL_CONVERSION = YES;
				CLANG_WARN_OBJC_ROOT_CLASS = YES_ERROR;
				CLANG_WARN_QUOTED_INCLUDE_IN_FRAMEWORK_HEADER = YES;
				CLANG_WARN_RANGE_LOOP_ANALYSIS = YES;
				CLANG_WARN_STRICT_PROTOTYPES = YES;
				CLANG_WARN_SUSPICIOUS_MOVE = YES;
				CLANG_WARN_UNGUARDED_AVAILABILITY = YES_AGGRESSIVE;
				CLANG_WARN_UNREACHABLE_CODE = YES;
				CLANG_WARN__DUPLICATE_METHOD_MATCH = YES;
				COPY_PHASE_STRIP = NO;
				DEBUG_INFORMATION_FORMAT = dwarf;
				ENABLE_STRICT_OBJC_MSGSEND = YES;
				ENABLE_TESTABILITY = YES;
				GCC_C_LANGUAGE_STANDARD = gnu11;
				GCC_DYNAMIC_NO_PIC = NO;
				GCC_NO_COMMON_BLOCKS = YES;
				GCC_OPTIMIZATION_LEVEL = 0;
				GCC_PREPROCESSOR_DEFINITIONS = (
					"DEBUG=1",
					"$(inherited)",
				);
				GCC_WARN_64_TO_32_BIT_CONVERSION = YES;
				GCC_WARN_ABOUT_RETURN_TYPE = YES_ERROR;
				GCC_WARN_UNDECLARED_SELECTOR = YES;
				GCC_WARN_UNINITIALIZED_AUTOS = YES_AGGRESSIVE;
				GCC_WARN_UNUSED_FUNCTION = YES;
				GCC_WARN_UNUSED_VARIABLE = YES;
				IPHONEOS_DEPLOYMENT_TARGET = 15.4;
				MTL_ENABLE_DEBUG_INFO = INCLUDE_SOURCE;
				MTL_FAST_MATH = YES;
				ONLY_ACTIVE_ARCH = YES;
				SDKROOT = iphoneos;
				SWIFT_ACTIVE_COMPILATION_CONDITIONS = DEBUG;
				SWIFT_OPTIMIZATION_LEVEL = "-Onone";
			};
			name = Debug;
		};
		6DFFA27E282ED1C100DE0BED /* Release */ = {
			isa = XCBuildConfiguration;
			buildSettings = {
				ALWAYS_SEARCH_USER_PATHS = NO;
				CLANG_ANALYZER_NONNULL = YES;
				CLANG_ANALYZER_NUMBER_OBJECT_CONVERSION = YES_AGGRESSIVE;
				CLANG_CXX_LANGUAGE_STANDARD = "gnu++17";
				CLANG_ENABLE_MODULES = YES;
				CLANG_ENABLE_OBJC_ARC = YES;
				CLANG_ENABLE_OBJC_WEAK = YES;
				CLANG_WARN_BLOCK_CAPTURE_AUTORELEASING = YES;
				CLANG_WARN_BOOL_CONVERSION = YES;
				CLANG_WARN_COMMA = YES;
				CLANG_WARN_CONSTANT_CONVERSION = YES;
				CLANG_WARN_DEPRECATED_OBJC_IMPLEMENTATIONS = YES;
				CLANG_WARN_DIRECT_OBJC_ISA_USAGE = YES_ERROR;
				CLANG_WARN_DOCUMENTATION_COMMENTS = YES;
				CLANG_WARN_EMPTY_BODY = YES;
				CLANG_WARN_ENUM_CONVERSION = YES;
				CLANG_WARN_INFINITE_RECURSION = YES;
				CLANG_WARN_INT_CONVERSION = YES;
				CLANG_WARN_NON_LITERAL_NULL_CONVERSION = YES;
				CLANG_WARN_OBJC_IMPLICIT_RETAIN_SELF = YES;
				CLANG_WARN_OBJC_LITERAL_CONVERSION = YES;
				CLANG_WARN_OBJC_ROOT_CLASS = YES_ERROR;
				CLANG_WARN_QUOTED_INCLUDE_IN_FRAMEWORK_HEADER = YES;
				CLANG_WARN_RANGE_LOOP_ANALYSIS = YES;
				CLANG_WARN_STRICT_PROTOTYPES = YES;
				CLANG_WARN_SUSPICIOUS_MOVE = YES;
				CLANG_WARN_UNGUARDED_AVAILABILITY = YES_AGGRESSIVE;
				CLANG_WARN_UNREACHABLE_CODE = YES;
				CLANG_WARN__DUPLICATE_METHOD_MATCH = YES;
				COPY_PHASE_STRIP = NO;
				DEBUG_INFORMATION_FORMAT = "dwarf-with-dsym";
				ENABLE_NS_ASSERTIONS = NO;
				ENABLE_STRICT_OBJC_MSGSEND = YES;
				GCC_C_LANGUAGE_STANDARD = gnu11;
				GCC_NO_COMMON_BLOCKS = YES;
				GCC_WARN_64_TO_32_BIT_CONVERSION = YES;
				GCC_WARN_ABOUT_RETURN_TYPE = YES_ERROR;
				GCC_WARN_UNDECLARED_SELECTOR = YES;
				GCC_WARN_UNINITIALIZED_AUTOS = YES_AGGRESSIVE;
				GCC_WARN_UNUSED_FUNCTION = YES;
				GCC_WARN_UNUSED_VARIABLE = YES;
				IPHONEOS_DEPLOYMENT_TARGET = 15.4;
				MTL_ENABLE_DEBUG_INFO = NO;
				MTL_FAST_MATH = YES;
				SDKROOT = iphoneos;
				SWIFT_COMPILATION_MODE = wholemodule;
				SWIFT_OPTIMIZATION_LEVEL = "-O";
				VALIDATE_PRODUCT = YES;
			};
			name = Release;
		};
		6DFFA280282ED1C100DE0BED /* Debug */ = {
			isa = XCBuildConfiguration;
			buildSettings = {
				ASSETCATALOG_COMPILER_APPICON_NAME = AppIcon;
				ASSETCATALOG_COMPILER_GLOBAL_ACCENT_COLOR_NAME = AccentColor;
				CODE_SIGN_STYLE = Automatic;
				CURRENT_PROJECT_VERSION = 1;
				DEVELOPMENT_ASSET_PATHS = "\"MapKitBootcamp/Preview Content\"";
				DEVELOPMENT_TEAM = YMPFHSX9UB;
				ENABLE_PREVIEWS = YES;
				GENERATE_INFOPLIST_FILE = YES;
				INFOPLIST_KEY_UIApplicationSceneManifest_Generation = YES;
				INFOPLIST_KEY_UIApplicationSupportsIndirectInputEvents = YES;
				INFOPLIST_KEY_UILaunchScreen_Generation = YES;
				INFOPLIST_KEY_UISupportedInterfaceOrientations_iPad = "UIInterfaceOrientationPortrait UIInterfaceOrientationPortraitUpsideDown UIInterfaceOrientationLandscapeLeft UIInterfaceOrientationLandscapeRight";
				INFOPLIST_KEY_UISupportedInterfaceOrientations_iPhone = "UIInterfaceOrientationPortrait UIInterfaceOrientationLandscapeLeft UIInterfaceOrientationLandscapeRight";
				LD_RUNPATH_SEARCH_PATHS = (
					"$(inherited)",
					"@executable_path/Frameworks",
				);
				MARKETING_VERSION = 1.0;
				PRODUCT_BUNDLE_IDENTIFIER = com.AleksFF.MapKitBootcamp;
				PRODUCT_NAME = "$(TARGET_NAME)";
				SWIFT_EMIT_LOC_STRINGS = YES;
				SWIFT_VERSION = 5.0;
				TARGETED_DEVICE_FAMILY = "1,2";
			};
			name = Debug;
		};
		6DFFA281282ED1C100DE0BED /* Release */ = {
			isa = XCBuildConfiguration;
			buildSettings = {
				ASSETCATALOG_COMPILER_APPICON_NAME = AppIcon;
				ASSETCATALOG_COMPILER_GLOBAL_ACCENT_COLOR_NAME = AccentColor;
				CODE_SIGN_STYLE = Automatic;
				CURRENT_PROJECT_VERSION = 1;
				DEVELOPMENT_ASSET_PATHS = "\"MapKitBootcamp/Preview Content\"";
				DEVELOPMENT_TEAM = YMPFHSX9UB;
				ENABLE_PREVIEWS = YES;
				GENERATE_INFOPLIST_FILE = YES;
				INFOPLIST_KEY_UIApplicationSceneManifest_Generation = YES;
				INFOPLIST_KEY_UIApplicationSupportsIndirectInputEvents = YES;
				INFOPLIST_KEY_UILaunchScreen_Generation = YES;
				INFOPLIST_KEY_UISupportedInterfaceOrientations_iPad = "UIInterfaceOrientationPortrait UIInterfaceOrientationPortraitUpsideDown UIInterfaceOrientationLandscapeLeft UIInterfaceOrientationLandscapeRight";
				INFOPLIST_KEY_UISupportedInterfaceOrientations_iPhone = "UIInterfaceOrientationPortrait UIInterfaceOrientationLandscapeLeft UIInterfaceOrientationLandscapeRight";
				LD_RUNPATH_SEARCH_PATHS = (
					"$(inherited)",
					"@executable_path/Frameworks",
				);
				MARKETING_VERSION = 1.0;
				PRODUCT_BUNDLE_IDENTIFIER = com.AleksFF.MapKitBootcamp;
				PRODUCT_NAME = "$(TARGET_NAME)";
				SWIFT_EMIT_LOC_STRINGS = YES;
				SWIFT_VERSION = 5.0;
				TARGETED_DEVICE_FAMILY = "1,2";
			};
			name = Release;
		};
/* End XCBuildConfiguration section */

/* Begin XCConfigurationList section */
		6DFFA26C282ED1C100DE0BED /* Build configuration list for PBXProject "MapKitBootcamp" */ = {
			isa = XCConfigurationList;
			buildConfigurations = (
				6DFFA27D282ED1C100DE0BED /* Debug */,
				6DFFA27E282ED1C100DE0BED /* Release */,
			);
			defaultConfigurationIsVisible = 0;
			defaultConfigurationName = Release;
		};
		6DFFA27F282ED1C100DE0BED /* Build configuration list for PBXNativeTarget "MapKitBootcamp" */ = {
			isa = XCConfigurationList;
			buildConfigurations = (
				6DFFA280282ED1C100DE0BED /* Debug */,
				6DFFA281282ED1C100DE0BED /* Release */,
			);
			defaultConfigurationIsVisible = 0;
			defaultConfigurationName = Release;
		};
/* End XCConfigurationList section */
	};
	rootObject = 6DFFA269282ED1C100DE0BED /* Project object */;
}
